{
  "name": "bot-2022",
  "version": "1.0.0",
  "lockfileVersion": 2,
  "requires": true,
  "packages": {
    "": {
      "name": "bot-2022",
      "version": "1.0.0",
      "license": "ISC",
      "dependencies": {
        "@types/node": "^17.0.23",
        "concat-stream": "^2.0.0",
        "oasis-framework": "^1.1.0",
        "toml": "^3.0.0"
      }
    },
    "node_modules/@deno/shim-deno": {
      "version": "0.3.1",
      "resolved": "https://registry.npmjs.org/@deno/shim-deno/-/shim-deno-0.3.1.tgz",
      "integrity": "sha512-Ph5l6JT+8cvxbJWTZqqAJzlfTL1cBPHZOZ6dm0s32yARR4t+/xTujab5hDJTfXqoSe/y1VCp0PJqQyQPHmFmoA==",
      "dependencies": {
        "@deno/shim-deno-test": "^0.3.2",
        "which": "^2.0.2"
      }
    },
    "node_modules/@deno/shim-deno-test": {
      "version": "0.3.2",
      "resolved": "https://registry.npmjs.org/@deno/shim-deno-test/-/shim-deno-test-0.3.2.tgz",
      "integrity": "sha512-STxWMnLuA0/bT0F41yKx6AbyzVVSjXYvgleFE4xit/m4aooMG/0Bs0MiQUe95EVS8DrzYmWbuCtdIlWymAdlsw=="
    },
    "node_modules/@deno/shim-timers": {
      "version": "0.1.0",
      "resolved": "https://registry.npmjs.org/@deno/shim-timers/-/shim-timers-0.1.0.tgz",
      "integrity": "sha512-XFRnB5Rtbkd5RiYHwhugNK9gvDgYXmFTUOT5dmhWCKG7WnOWZggbJMnH1NcyYS3QgHvmaTOaHCyNFNSv57j3Dg=="
    },
    "node_modules/@types/node": {
      "version": "17.0.23",
      "resolved": "https://registry.npmjs.org/@types/node/-/node-17.0.23.tgz",
      "integrity": "sha512-UxDxWn7dl97rKVeVS61vErvw086aCYhDLyvRQZ5Rk65rZKepaFdm53GeqXaKBuOhED4e9uWq34IC3TdSdJJ2Gw=="
    },
    "node_modules/buffer-from": {
      "version": "1.1.2",
      "resolved": "https://registry.npmjs.org/buffer-from/-/buffer-from-1.1.2.tgz",
      "integrity": "sha512-E+XQCRwSbaaiChtv6k6Dwgc+bx+Bs6vuKJHHl5kox/BaKbhiXzqQOwK4cO22yElGp2OCmjwVhT3HmxgyPGnJfQ=="
    },
    "node_modules/concat-stream": {
      "version": "2.0.0",
      "resolved": "https://registry.npmjs.org/concat-stream/-/concat-stream-2.0.0.tgz",
      "integrity": "sha512-MWufYdFw53ccGjCA+Ol7XJYpAlW6/prSMzuPOTRnJGcGzuhLn4Scrz7qf6o8bROZ514ltazcIFJZevcfbo0x7A==",
      "engines": [
        "node >= 6.0"
      ],
      "dependencies": {
        "buffer-from": "^1.0.0",
        "inherits": "^2.0.3",
        "readable-stream": "^3.0.2",
        "typedarray": "^0.0.6"
      }
    },
    "node_modules/discordeno": {
      "version": "13.0.0-rc35",
      "resolved": "https://registry.npmjs.org/discordeno/-/discordeno-13.0.0-rc35.tgz",
      "integrity": "sha512-ABaSaIIvE5yAh4f3bXtYouzXi05eMXYbXdCGFOglsuM49Yod66kbEhwmZuC+QslypIPyqMjAkuGZ29iNistI0w==",
      "dependencies": {
        "@deno/shim-deno": "~0.3.0",
        "@deno/shim-timers": "~0.1.0",
        "undici": "^4.12.1",
        "ws": "^8.4.0"
      }
    },
    "node_modules/inherits": {
      "version": "2.0.4",
      "resolved": "https://registry.npmjs.org/inherits/-/inherits-2.0.4.tgz",
      "integrity": "sha512-k/vGaX4/Yla3WzyMCvTQOXYeIHvqOKtnqBduzTHpzpQZzAskKMhZ2K+EnBiSM9zGSoIFeMpXKxa4dYeZIQqewQ=="
    },
    "node_modules/isexe": {
      "version": "2.0.0",
      "resolved": "https://registry.npmjs.org/isexe/-/isexe-2.0.0.tgz",
      "integrity": "sha1-6PvzdNxVb/iUehDcsFctYz8s+hA="
    },
    "node_modules/oasis-framework": {
      "version": "1.1.0",
      "resolved": "https://registry.npmjs.org/oasis-framework/-/oasis-framework-1.1.0.tgz",
      "integrity": "sha512-Spb8dnCP6lyIviybgpeeAYcCPza+5TEIcnZmjdH+BH9kulGMmoHdyUDTc1znRKndjINrmpiZyAx9Xz3BTLt6Tg==",
      "dependencies": {
        "@deno/shim-deno": "~0.3.0",
        "@deno/shim-timers": "~0.1.0",
        "discordeno": "13.0.0-rc35",
        "reflect-metadata": "0.1.13",
        "ws": "^8.4.0"
      }
    },
    "node_modules/readable-stream": {
      "version": "3.6.0",
      "resolved": "https://registry.npmjs.org/readable-stream/-/readable-stream-3.6.0.tgz",
      "integrity": "sha512-BViHy7LKeTz4oNnkcLJ+lVSL6vpiFeX6/d3oSH8zCW7UxP2onchk+vTGB143xuFjHS3deTgkKoXXymXqymiIdA==",
      "dependencies": {
        "inherits": "^2.0.3",
        "string_decoder": "^1.1.1",
        "util-deprecate": "^1.0.1"
      },
      "engines": {
        "node": ">= 6"
      }
    },
    "node_modules/reflect-metadata": {
      "version": "0.1.13",
      "resolved": "https://registry.npmjs.org/reflect-metadata/-/reflect-metadata-0.1.13.tgz",
      "integrity": "sha512-Ts1Y/anZELhSsjMcU605fU9RE4Oi3p5ORujwbIKXfWa+0Zxs510Qrmrce5/Jowq3cHSZSJqBjypxmHarc+vEWg=="
    },
    "node_modules/safe-buffer": {
      "version": "5.2.1",
      "resolved": "https://registry.npmjs.org/safe-buffer/-/safe-buffer-5.2.1.tgz",
      "integrity": "sha512-rp3So07KcdmmKbGvgaNxQSJr7bGVSVk5S9Eq1F+ppbRo70+YeaDxkw5Dd8NPN+GD6bjnYm2VuPuCXmpuYvmCXQ==",
      "funding": [
        {
          "type": "github",
          "url": "https://github.com/sponsors/feross"
        },
        {
          "type": "patreon",
          "url": "https://www.patreon.com/feross"
        },
        {
          "type": "consulting",
          "url": "https://feross.org/support"
        }
      ]
    },
    "node_modules/string_decoder": {
      "version": "1.3.0",
      "resolved": "https://registry.npmjs.org/string_decoder/-/string_decoder-1.3.0.tgz",
      "integrity": "sha512-hkRX8U1WjJFd8LsDJ2yQ/wWWxaopEsABU1XfkM8A+j0+85JAGppt16cr1Whg6KIbb4okU6Mql6BOj+uup/wKeA==",
      "dependencies": {
        "safe-buffer": "~5.2.0"
      }
    },
    "node_modules/toml": {
      "version": "3.0.0",
      "resolved": "https://registry.npmjs.org/toml/-/toml-3.0.0.tgz",
      "integrity": "sha512-y/mWCZinnvxjTKYhJ+pYxwD0mRLVvOtdS2Awbgxln6iEnt4rk0yBxeSBHkGJcPucRiG0e55mwWp+g/05rsrd6w=="
    },
    "node_modules/typedarray": {
      "version": "0.0.6",
      "resolved": "https://registry.npmjs.org/typedarray/-/typedarray-0.0.6.tgz",
      "integrity": "sha1-hnrHTjhkGHsdPUfZlqeOxciDB3c="
    },
    "node_modules/undici": {
      "version": "4.16.0",
      "resolved": "https://registry.npmjs.org/undici/-/undici-4.16.0.tgz",
      "integrity": "sha512-tkZSECUYi+/T1i4u+4+lwZmQgLXd4BLGlrc7KZPcLIW7Jpq99+Xpc30ONv7nS6F5UNOxp/HBZSSL9MafUrvJbw==",
      "engines": {
        "node": ">=12.18"
      }
    },
    "node_modules/util-deprecate": {
      "version": "1.0.2",
      "resolved": "https://registry.npmjs.org/util-deprecate/-/util-deprecate-1.0.2.tgz",
      "integrity": "sha1-RQ1Nyfpw3nMnYvvS1KKJgUGaDM8="
    },
    "node_modules/which": {
      "version": "2.0.2",
      "resolved": "https://registry.npmjs.org/which/-/which-2.0.2.tgz",
      "integrity": "sha512-BLI3Tl1TW3Pvl70l3yq3Y64i+awpwXqsGBYWkkqMtnbXgrMD+yj7rhW0kuEDxzJaYXGjEW5ogapKNMEKNMjibA==",
      "dependencies": {
        "isexe": "^2.0.0"
      },
      "bin": {
        "node-which": "bin/node-which"
      },
      "engines": {
        "node": ">= 8"
      }
    },
    "node_modules/ws": {
      "version": "8.5.0",
      "resolved": "https://registry.npmjs.org/ws/-/ws-8.5.0.tgz",
      "integrity": "sha512-BWX0SWVgLPzYwF8lTzEy1egjhS4S4OEAHfsO8o65WOVsrnSRGaSiUaa9e0ggGlkMTtBlmOpEXiie9RUcBO86qg==",
      "engines": {
        "node": ">=10.0.0"
      },
      "peerDependencies": {
        "bufferutil": "^4.0.1",
        "utf-8-validate": "^5.0.2"
      },
      "peerDependenciesMeta": {
        "bufferutil": {
          "optional": true
        },
        "utf-8-validate": {
          "optional": true
        }
      }
    }
  },
  "dependencies": {
    "@deno/shim-deno": {
      "version": "0.3.1",
      "resolved": "https://registry.npmjs.org/@deno/shim-deno/-/shim-deno-0.3.1.tgz",
      "integrity": "sha512-Ph5l6JT+8cvxbJWTZqqAJzlfTL1cBPHZOZ6dm0s32yARR4t+/xTujab5hDJTfXqoSe/y1VCp0PJqQyQPHmFmoA==",
      "requires": {
        "@deno/shim-deno-test": "^0.3.2",
        "which": "^2.0.2"
      }
    },
    "@deno/shim-deno-test": {
      "version": "0.3.2",
      "resolved": "https://registry.npmjs.org/@deno/shim-deno-test/-/shim-deno-test-0.3.2.tgz",
      "integrity": "sha512-STxWMnLuA0/bT0F41yKx6AbyzVVSjXYvgleFE4xit/m4aooMG/0Bs0MiQUe95EVS8DrzYmWbuCtdIlWymAdlsw=="
    },
    "@deno/shim-timers": {
      "version": "0.1.0",
      "resolved": "https://registry.npmjs.org/@deno/shim-timers/-/shim-timers-0.1.0.tgz",
      "integrity": "sha512-XFRnB5Rtbkd5RiYHwhugNK9gvDgYXmFTUOT5dmhWCKG7WnOWZggbJMnH1NcyYS3QgHvmaTOaHCyNFNSv57j3Dg=="
    },
    "@types/node": {
      "version": "17.0.23",
      "resolved": "https://registry.npmjs.org/@types/node/-/node-17.0.23.tgz",
      "integrity": "sha512-UxDxWn7dl97rKVeVS61vErvw086aCYhDLyvRQZ5Rk65rZKepaFdm53GeqXaKBuOhED4e9uWq34IC3TdSdJJ2Gw=="
    },
    "buffer-from": {
      "version": "1.1.2",
      "resolved": "https://registry.npmjs.org/buffer-from/-/buffer-from-1.1.2.tgz",
      "integrity": "sha512-E+XQCRwSbaaiChtv6k6Dwgc+bx+Bs6vuKJHHl5kox/BaKbhiXzqQOwK4cO22yElGp2OCmjwVhT3HmxgyPGnJfQ=="
    },
    "concat-stream": {
      "version": "2.0.0",
      "resolved": "https://registry.npmjs.org/concat-stream/-/concat-stream-2.0.0.tgz",
      "integrity": "sha512-MWufYdFw53ccGjCA+Ol7XJYpAlW6/prSMzuPOTRnJGcGzuhLn4Scrz7qf6o8bROZ514ltazcIFJZevcfbo0x7A==",
      "requires": {
        "buffer-from": "^1.0.0",
        "inherits": "^2.0.3",
        "readable-stream": "^3.0.2",
        "typedarray": "^0.0.6"
      }
    },
    "discordeno": {
      "version": "13.0.0-rc35",
      "resolved": "https://registry.npmjs.org/discordeno/-/discordeno-13.0.0-rc35.tgz",
      "integrity": "sha512-ABaSaIIvE5yAh4f3bXtYouzXi05eMXYbXdCGFOglsuM49Yod66kbEhwmZuC+QslypIPyqMjAkuGZ29iNistI0w==",
      "requires": {
        "@deno/shim-deno": "~0.3.0",
        "@deno/shim-timers": "~0.1.0",
        "undici": "^4.12.1",
        "ws": "^8.4.0"
      }
    },
    "inherits": {
      "version": "2.0.4",
      "resolved": "https://registry.npmjs.org/inherits/-/inherits-2.0.4.tgz",
      "integrity": "sha512-k/vGaX4/Yla3WzyMCvTQOXYeIHvqOKtnqBduzTHpzpQZzAskKMhZ2K+EnBiSM9zGSoIFeMpXKxa4dYeZIQqewQ=="
    },
    "isexe": {
      "version": "2.0.0",
      "resolved": "https://registry.npmjs.org/isexe/-/isexe-2.0.0.tgz",
      "integrity": "sha1-6PvzdNxVb/iUehDcsFctYz8s+hA="
    },
    "oasis-framework": {
      "version": "1.1.0",
      "resolved": "https://registry.npmjs.org/oasis-framework/-/oasis-framework-1.1.0.tgz",
      "integrity": "sha512-Spb8dnCP6lyIviybgpeeAYcCPza+5TEIcnZmjdH+BH9kulGMmoHdyUDTc1znRKndjINrmpiZyAx9Xz3BTLt6Tg==",
      "requires": {
        "@deno/shim-deno": "~0.3.0",
        "@deno/shim-timers": "~0.1.0",
        "discordeno": "13.0.0-rc35",
        "reflect-metadata": "0.1.13",
        "ws": "^8.4.0"
      }
    },
    "readable-stream": {
      "version": "3.6.0",
      "resolved": "https://registry.npmjs.org/readable-stream/-/readable-stream-3.6.0.tgz",
      "integrity": "sha512-BViHy7LKeTz4oNnkcLJ+lVSL6vpiFeX6/d3oSH8zCW7UxP2onchk+vTGB143xuFjHS3deTgkKoXXymXqymiIdA==",
      "requires": {
        "inherits": "^2.0.3",
        "string_decoder": "^1.1.1",
        "util-deprecate": "^1.0.1"
      }
    },
    "reflect-metadata": {
      "version": "0.1.13",
      "resolved": "https://registry.npmjs.org/reflect-metadata/-/reflect-metadata-0.1.13.tgz",
      "integrity": "sha512-Ts1Y/anZELhSsjMcU605fU9RE4Oi3p5ORujwbIKXfWa+0Zxs510Qrmrce5/Jowq3cHSZSJqBjypxmHarc+vEWg=="
    },
    "safe-buffer": {
      "version": "5.2.1",
      "resolved": "https://registry.npmjs.org/safe-buffer/-/safe-buffer-5.2.1.tgz",
      "integrity": "sha512-rp3So07KcdmmKbGvgaNxQSJr7bGVSVk5S9Eq1F+ppbRo70+YeaDxkw5Dd8NPN+GD6bjnYm2VuPuCXmpuYvmCXQ=="
    },
    "string_decoder": {
      "version": "1.3.0",
      "resolved": "https://registry.npmjs.org/string_decoder/-/string_decoder-1.3.0.tgz",
      "integrity": "sha512-hkRX8U1WjJFd8LsDJ2yQ/wWWxaopEsABU1XfkM8A+j0+85JAGppt16cr1Whg6KIbb4okU6Mql6BOj+uup/wKeA==",
      "requires": {
        "safe-buffer": "~5.2.0"
      }
    },
    "toml": {
      "version": "3.0.0",
      "resolved": "https://registry.npmjs.org/toml/-/toml-3.0.0.tgz",
      "integrity": "sha512-y/mWCZinnvxjTKYhJ+pYxwD0mRLVvOtdS2Awbgxln6iEnt4rk0yBxeSBHkGJcPucRiG0e55mwWp+g/05rsrd6w=="
    },
    "typedarray": {
      "version": "0.0.6",
      "resolved": "https://registry.npmjs.org/typedarray/-/typedarray-0.0.6.tgz",
      "integrity": "sha1-hnrHTjhkGHsdPUfZlqeOxciDB3c="
    },
    "undici": {
      "version": "4.16.0",
      "resolved": "https://registry.npmjs.org/undici/-/undici-4.16.0.tgz",
      "integrity": "sha512-tkZSECUYi+/T1i4u+4+lwZmQgLXd4BLGlrc7KZPcLIW7Jpq99+Xpc30ONv7nS6F5UNOxp/HBZSSL9MafUrvJbw=="
    },
    "util-deprecate": {
      "version": "1.0.2",
      "resolved": "https://registry.npmjs.org/util-deprecate/-/util-deprecate-1.0.2.tgz",
      "integrity": "sha1-RQ1Nyfpw3nMnYvvS1KKJgUGaDM8="
    },
    "which": {
      "version": "2.0.2",
      "resolved": "https://registry.npmjs.org/which/-/which-2.0.2.tgz",
      "integrity": "sha512-BLI3Tl1TW3Pvl70l3yq3Y64i+awpwXqsGBYWkkqMtnbXgrMD+yj7rhW0kuEDxzJaYXGjEW5ogapKNMEKNMjibA==",
      "requires": {
        "isexe": "^2.0.0"
      }
    },
    "ws": {
      "version": "8.5.0",
      "resolved": "https://registry.npmjs.org/ws/-/ws-8.5.0.tgz",
      "integrity": "sha512-BWX0SWVgLPzYwF8lTzEy1egjhS4S4OEAHfsO8o65WOVsrnSRGaSiUaa9e0ggGlkMTtBlmOpEXiie9RUcBO86qg==",
      "requires": {}
    }
  }
}
